# This file was autogenerated by Stack.
# You should not edit this file by hand.
# For more information, please see the documentation at:
#   https://docs.haskellstack.org/en/stable/topics/lock_files

packages:
- completed:
    hackage: ormolu-0.8.0.2@sha256:4f85ee1053234827cec315f4307ce058b048ede13e29a6f2f21eaea7606261c7,5125
    pantry-tree:
      sha256: 0367b8db4b4f2ac7eec2c9965ac17600203e0b6a531f8fad29316e92ed075535
      size: 104683
  original:
    hackage: ormolu-0.8.0.2@sha256:4f85ee1053234827cec315f4307ce058b048ede13e29a6f2f21eaea7606261c7,5125
- completed:
    hackage: Cabal-syntax-3.14.2.0@sha256:16766e2cd18f98bf259d2caf2b507764ebdfff0b16c2fb5b293fc57c1137af6f,7380
    pantry-tree:
      sha256: 737f9522e754f8c1610a115a01bb264924a7cde1c931e285f3758ba46f145443
      size: 10977
  original:
    hackage: Cabal-syntax-3.14.2.0@sha256:16766e2cd18f98bf259d2caf2b507764ebdfff0b16c2fb5b293fc57c1137af6f,7380
snapshots:
- completed:
    sha256: db422bffc7b66cea3ad1dfa71440d1209e37b6233c4080eb2ea1fb9b91eacde5
    size: 726109
    url: https://raw.githubusercontent.com/commercialhaskell/stackage-snapshots/master/lts/24/17.yaml
  original:
    url: https://raw.githubusercontent.com/commercialhaskell/stackage-snapshots/master/lts/24/17.yaml
